{
  "name": "pets-workshop-copilot-runtime",
  "version": "1.0.0",
  "lockfileVersion": 3,
  "requires": true,
  "packages": {
    "": {
      "name": "pets-workshop-copilot-runtime",
      "version": "1.0.0",
      "dependencies": {
        "@github/copilot": "1.0.87"
      }
    },
    "node_modules/@github/copilot": {
      "version": "1.0.87",
      "integrity": "sha512-pSkO7NOhNWdA6yHQxSbzgDRLc3v0hw9wGZDDYZ7Baf+Z0gmsxhXRf62TFee6znGmecYD36FCdve10jFPeOomeA==",
      "license": "SEE LICENSE IN LICENSE.md",
      "dependencies": {
        "detect-libc": "^2.1.2"
      },
      "bin": {
        "copilot": "npm-loader.js"
      },
      "optionalDependencies": {
        "@github/copilot-darwin-arm64": "1.0.87",
        "@github/copilot-darwin-x64": "1.0.87",
        "@github/copilot-linux-arm64": "1.0.87",
        "@github/copilot-linux-x64": "1.0.87",
        "@github/copilot-linuxmusl-arm64": "1.0.87",
        "@github/copilot-linuxmusl-x64": "1.0.87",
        "@github/copilot-win32-arm64": "1.0.87",
        "@github/copilot-win32-x64": "1.0.87"
      }
    },
    "node_modules/@github/copilot-darwin-arm64": {
      "version": "1.0.87",
      "integrity": "sha512-g2JDSLjtuMXbv77y09vv+8mbMLaUp7dM71cOdOdyA5POGdAs3EVTY+F4nxqlBtuaSNuQvjK9Jj0oq1rKGHYVaQ==",
      "cpu": [
        "arm64"
      ],
      "license": "SEE LICENSE IN LICENSE.md",
      "optional": true,
      "os": [
        "darwin"
      ],
      "bin": {
        "copilot-darwin-arm64": "copilot"
      }
    },
    "node_modules/@github/copilot-darwin-x64": {
      "version": "1.0.87",
      "integrity": "sha512-WREJu8+JPrCol3TnSdnBVis4nigqcx4PU2okXFrLfUCLIFrPFTK4IORwZ4AilvUio9ZDiMrRizWMTM5E0Ay7oA==",
      "cpu": [
        "x64"
      ],
      "license": "SEE LICENSE IN LICENSE.md",
      "optional": true,
      "os": [
        "darwin"
      ],
      "bin": {
        "copilot-darwin-x64": "copilot"
      }
    },
    "node_modules/@github/copilot-linux-arm64": {
      "version": "1.0.87",
      "integrity": "sha512-txu2tOaEw96R8e1cFcn/pJ1Nkt+P5vIrfJkXrVRY8L8tsffk+RDrOJGOotWv8lRgmumVCoHKtoN92BjJYwsXnQ==",
      "cpu": [
        "arm64"
      ],
      "license": "SEE LICENSE IN LICENSE.md",
      "optional": true,
      "os": [
        "linux"
      ],
      "bin": {
        "copilot-linux-arm64": "copilot"
      }
    },
    "node_modules/@github/copilot-linux-x64": {
      "version": "1.0.87",
      "integrity": "sha512-tPpTYbtmtc2Ro4dTxmkRy9GVLJY5vx7fXy6vIKNMY/eDcSi+wxQaY6Hfoy/1AU4lYEcvg5NDAiassclNv03giw==",
      "cpu": [
        "x64"
      ],
      "license": "SEE LICENSE IN LICENSE.md",
      "optional": true,
      "os": [
        "linux"
      ],
      "bin": {
        "copilot-linux-x64": "copilot"
      }
    },
    "node_modules/@github/copilot-linuxmusl-arm64": {
      "version": "1.0.87",
      "integrity": "sha512-vsZdL6fBCqHFVtFUnAttMXNchC1Zi6CI8e14j6p8gzIFWfanotMgd5Zg2hP2ng5kfvO7BbFVYdM+vdp/HvQICw==",
      "cpu": [
        "arm64"
      ],
      "license": "SEE LICENSE IN LICENSE.md",
      "optional": true,
      "os": [
        "linux"
      ],
      "bin": {
        "copilot-linuxmusl-arm64": "copilot"
      }
    },
    "node_modules/@github/copilot-linuxmusl-x64": {
      "version": "1.0.87",
      "integrity": "sha512-DxTmEwdqa1uqqPoWI1X/5usU85WNaq8QLr8C5a1wAir2bBrhOlnh+cqVr/hYpvsGtLVKNARqB0DHzqpTAdWLyw==",
      "cpu": [
        "x64"
      ],
      "license": "SEE LICENSE IN LICENSE.md",
      "optional": true,
      "os": [
        "linux"
      ],
      "bin": {
        "copilot-linuxmusl-x64": "copilot"
      }
    },
    "node_modules/@github/copilot-win32-arm64": {
      "version": "1.0.87",
      "integrity": "sha512-eJ/8Ldumre9J57V3YUEIHKFkm11TgHiyUdktxaFpyq793KoNOxqwEZwa01oZzv8MhRvNSKMbus0ROuL7VcSAIA==",
      "cpu": [
        "arm64"
      ],
      "license": "SEE LICENSE IN LICENSE.md",
      "optional": true,
      "os": [
        "win32"
      ],
      "bin": {
        "copilot-win32-arm64": "copilot.exe"
      }
    },
    "node_modules/@github/copilot-win32-x64": {
      "version": "1.0.87",
      "integrity": "sha512-kwZscRJLy5HfHvmWusmgeSbaDtM31WwYpKWzSdQaDeyIN+kEvOZfQ/AT6jUKjulLFINBJEhmuEz4BePIMdH7sA==",
      "cpu": [
        "x64"
      ],
      "license": "SEE LICENSE IN LICENSE.md",
      "optional": true,
      "os": [
        "win32"
      ],
      "bin": {
        "copilot-win32-x64": "copilot.exe"
      }
    },
    "node_modules/detect-libc": {
      "version": "2.1.2",
      "integrity": "sha1-aJxdzcGQDvVYOky59te0c3QgdK0=",
      "license": "Apache-2.0",
      "engines": {
        "node": ">=8"
      }
    }
  }
}
